{
  "version": 4,
  "terraform_version": "1.13.3",
  "serial": 1,
  "lineage": "c7a71830-d28a-3ad7-dc4f-17d91af3d349",
  "outputs": {},
  "resources": [
    {
      "mode": "managed",
      "type": "local_file",
      "name": "mi_archivo_dos",
      "provider": "provider[\"registry.terraform.io/hashicorp/local\"]",
      "instances": [
        {
          "schema_version": 0,
          "attributes": {
            "content": "¡Hola, este es mi segundo archivo con Terraform! Strix \n",
            "content_base64": null,
            "content_base64sha256": "UBs3SJ2IZ/B/vd0fufWi4IsR3A/Ijr4Kbrvk+CSMonY=",
            "content_base64sha512": "P113smlfi+N9ihWCPf2AKYjv+S0lFlFDbuoU7oFcDOgkvvljTjV0+dp0gdRgEOn0GgVoJfRsYDAQp/qhu8gIfQ==",
            "content_md5": "e2b8b71363ed80af2ed4125f1519e159",
            "content_sha1": "6bf7436847d9320514474697a9053ec56fcd0f6d",
            "content_sha256": "501b37489d8867f07fbddd1fb9f5a2e08b11dc0fc88ebe0a6ebbe4f8248ca276",
            "content_sha512": "3f5d77b2695f8be37d8a15823dfd802988eff92d251651436eea14ee815c0ce824bef9634e3574f9da7481d46010e9f41a056825f46c603010a7faa1bbc8087d",
            "directory_permission": "0777",
            "file_permission": "0777",
            "filename": "./hola_dos.txt",
            "id": "6bf7436847d9320514474697a9053ec56fcd0f6d",
            "sensitive_content": null,
            "source": null
          },
          "sensitive_attributes": [
            [
              {
                "type": "get_attr",
                "value": "sensitive_content"
              }
            ]
          ],
          "identity_schema_version": 0
        }
      ]
    },
    {
      "mode": "managed",
      "type": "local_file",
      "name": "mi_archivo_uno",
      "provider": "provider[\"registry.terraform.io/hashicorp/local\"]",
      "instances": [
        {
          "schema_version": 0,
          "attributes": {
            "content": "¡Hola, este es mi primer archivo con Terraform! Strix \n",
            "content_base64": null,
            "content_base64sha256": "eb2cFh6q9LILFeTjjopcVoHgCUNWfyKf+umLlDRQryU=",
            "content_base64sha512": "rBVxGA5Ka7mcqw4+K6Xb6qOeVU8HfiYo8cIy2k4hQKhsiqjMz33x3c26QmUg4SnfJuBJYiFIlBIPs10wMa06/w==",
            "content_md5": "c89074dea8fd9cb12c99e82cccb4a8c0",
            "content_sha1": "dcd53b7b28a1ce406bb5f458a0ec3e07b29d3481",
            "content_sha256": "79bd9c161eaaf4b20b15e4e38e8a5c5681e00943567f229ffae98b943450af25",
            "content_sha512": "ac1571180e4a6bb99cab0e3e2ba5dbeaa39e554f077e2628f1c232da4e2140a86c8aa8cccf7df1ddcdba426520e129df26e04962214894120fb35d3031ad3aff",
            "directory_permission": "0777",
            "file_permission": "0777",
            "filename": "./hola.txt",
            "id": "dcd53b7b28a1ce406bb5f458a0ec3e07b29d3481",
            "sensitive_content": null,
            "source": null
          },
          "sensitive_attributes": [
            [
              {
                "type": "get_attr",
                "value": "sensitive_content"
              }
            ]
          ],
          "identity_schema_version": 0
        }
      ]
    }
  ],
  "check_results": null
}
