PS C:\Users\maltamiranda\Documents\WORKSPACE\UTN\curso terra 2\practicas\actividades\c7-e2> terraform apply
data.aws_key_pair.Max: Reading...
data.aws_key_pair.Max: Read complete after 1s [id=key-002590f11487e43e2]

Terraform used the selected providers to generate the following execution plan. Resource actions are indicated with the following symbols:
  + create

Terraform will perform the following actions:

  # aws_iam_instance_profile.ec2_instance_profile will be created
  + resource "aws_iam_instance_profile" "ec2_instance_profile" {
      + arn         = (known after apply)
      + create_date = (known after apply)
      + id          = (known after apply)
      + name        = "ec2-msk-profile"
      + name_prefix = (known after apply)
      + path        = "/"
      + role        = "ec2-msk-role"
      + tags_all    = (known after apply)
      + unique_id   = (known after apply)
    }

  # aws_iam_policy.msk_policy will be created
  + resource "aws_iam_policy" "msk_policy" {
      + arn              = (known after apply)
      + attachment_count = (known after apply)
      + description      = "Allow access to MSK cluster"
      + id               = (known after apply)
      + name             = "msk-access-policy"
      + name_prefix      = (known after apply)
      + path             = "/"
      + policy           = jsonencode(
            {
              + Statement = [
                  + {
                      + Action   = [
                          + "kafka:DescribeCluster",
                          + "kafka:GetBootstrapBrokers",
                          + "kafka:ListNodes",
                        ]
                      + Effect   = "Allow"
                      + Resource = "*"
                    },
                ]
              + Version   = "2012-10-17"
            }
        )
      + policy_id        = (known after apply)
      + tags_all         = (known after apply)
    }

  # aws_iam_role.ec2_role will be created
  + resource "aws_iam_role" "ec2_role" {
      + arn                   = (known after apply)
      + assume_role_policy    = jsonencode(
            {
              + Statement = [
                  + {
                      + Action    = "sts:AssumeRole"
                      + Effect    = "Allow"
                      + Principal = {
                          + Service = "ec2.amazonaws.com"
                        }
                    },
                ]
              + Version   = "2012-10-17"
            }
        )
      + create_date           = (known after apply)
      + force_detach_policies = false
      + id                    = (known after apply)
      + managed_policy_arns   = (known after apply)
      + max_session_duration  = 3600
      + name                  = "ec2-msk-role"
      + name_prefix           = (known after apply)
      + path                  = "/"
      + tags_all              = (known after apply)
      + unique_id             = (known after apply)

      + inline_policy (known after apply)
    }

  # aws_iam_role_policy_attachment.attach_policy will be created
  + resource "aws_iam_role_policy_attachment" "attach_policy" {
      + id         = (known after apply)
      + policy_arn = (known after apply)
      + role       = "ec2-msk-role"
    }

  # aws_instance.ec2 will be created
  + resource "aws_instance" "ec2" {
      + ami                                  = "ami-0df8c184d5f6ae949"
      + arn                                  = (known after apply)
      + associate_public_ip_address          = true
      + availability_zone                    = (known after apply)
      + disable_api_stop                     = (known after apply)
      + disable_api_termination              = (known after apply)
      + ebs_optimized                        = (known after apply)
      + enable_primary_ipv6                  = (known after apply)
      + force_destroy                        = false
      + get_password_data                    = false
      + host_id                              = (known after apply)
      + host_resource_group_arn              = (known after apply)
      + iam_instance_profile                 = "ec2-msk-profile"
      + id                                   = (known after apply)
      + instance_initiated_shutdown_behavior = (known after apply)
      + instance_lifecycle                   = (known after apply)
      + instance_state                       = (known after apply)
      + instance_type                        = "t2.micro"
      + ipv6_address_count                   = (known after apply)
      + ipv6_addresses                       = (known after apply)
      + key_name                             = "Max"
      + monitoring                           = (known after apply)
      + outpost_arn                          = (known after apply)
      + password_data                        = (known after apply)
      + placement_group                      = (known after apply)
      + placement_group_id                   = (known after apply)
      + placement_partition_number           = (known after apply)
      + primary_network_interface_id         = (known after apply)
      + private_dns                          = (known after apply)
      + private_ip                           = (known after apply)
      + public_dns                           = (known after apply)
      + public_ip                            = (known after apply)
      + region                               = "us-east-1"
      + secondary_private_ips                = (known after apply)
      + security_groups                      = (known after apply)
      + source_dest_check                    = true
      + spot_instance_request_id             = (known after apply)
      + subnet_id                            = (known after apply)
      + tags                                 = {
          + "Name" = "MSK-Client-Instance"
        }
      + tags_all                             = {
          + "Name" = "MSK-Client-Instance"
        }
      + tenancy                              = (known after apply)
      + user_data                            = <<-EOT
            #!/bin/bash

            #  Actualiza el sistema y prepara Java
            yum update -y
            amazon-linux-extras enable corretto11
            yum install -y java-11-amazon-corretto wget unzip

            #  Descarga y extrae Kafka 3.8.0
            cd /opt
            wget https://downloads.apache.org/kafka/3.8.0/kafka_2.13-3.8.0.tgz
            tar -xzf kafka_2.13-3.8.0.tgz
            ln -s kafka_2.13-3.8.0 kafka

            #  Agrega Kafka al PATH para futuras sesiones
            echo 'export KAFKA_HOME=/opt/kafka' >> /etc/profile
            echo 'export PATH=$PATH:$KAFKA_HOME/bin' >> /etc/profile

            #  Exporta las variables para el script actual
            export KAFKA_HOME=/opt/kafka
            export PATH=$PATH:$KAFKA_HOME/bin

            #  Crea alias útil (opcional)
            echo "alias kafka-brokers='echo \$BOOTSTRAP_BROKERS'" >> /etc/profile

            # Crea script para listar tópicos usando TLS (SSL)
            cat <<EOF > /usr/local/bin/kafka-list-topics
            #!/bin/bash
            /opt/kafka/bin/kafka-topics.sh --bootstrap-server "\$1" --command-config <(echo -e "security.protocol=SSL") --list
            EOF

            chmod +x /usr/local/bin/kafka-list-topics
        EOT
      + user_data_base64                     = (known after apply)
      + user_data_replace_on_change          = false
      + vpc_security_group_ids               = (known after apply)

      + capacity_reservation_specification (known after apply)

      + cpu_options (known after apply)

      + ebs_block_device (known after apply)

      + enclave_options (known after apply)

      + ephemeral_block_device (known after apply)

      + instance_market_options (known after apply)

      + maintenance_options (known after apply)

      + metadata_options (known after apply)

      + network_interface (known after apply)

      + primary_network_interface (known after apply)

      + private_dns_name_options (known after apply)

      + root_block_device (known after apply)
    }

  # aws_internet_gateway.igw will be created
  + resource "aws_internet_gateway" "igw" {
      + arn      = (known after apply)
      + id       = (known after apply)
      + owner_id = (known after apply)
      + region   = "us-east-1"
      + tags     = {
          + "Name" = "VPC-Max-IGW"
        }
      + tags_all = {
          + "Name" = "VPC-Max-IGW"
        }
      + vpc_id   = (known after apply)
    }

  # aws_msk_cluster.msk will be created
  + resource "aws_msk_cluster" "msk" {
      + arn                                           = (known after apply)
      + bootstrap_brokers                             = (known after apply)
      + bootstrap_brokers_public_sasl_iam             = (known after apply)
      + bootstrap_brokers_public_sasl_scram           = (known after apply)
      + bootstrap_brokers_public_tls                  = (known after apply)
      + bootstrap_brokers_sasl_iam                    = (known after apply)
      + bootstrap_brokers_sasl_scram                  = (known after apply)
      + bootstrap_brokers_tls                         = (known after apply)
      + bootstrap_brokers_vpc_connectivity_sasl_iam   = (known after apply)
      + bootstrap_brokers_vpc_connectivity_sasl_scram = (known after apply)
      + bootstrap_brokers_vpc_connectivity_tls        = (known after apply)
      + cluster_name                                  = "maltamiranda-msk-cluster"
      + cluster_uuid                                  = (known after apply)
      + current_version                               = (known after apply)
      + enhanced_monitoring                           = "DEFAULT"
      + id                                            = (known after apply)
      + kafka_version                                 = "3.8.x"
      + number_of_broker_nodes                        = 2
      + region                                        = "us-east-1"
      + storage_mode                                  = (known after apply)
      + tags_all                                      = (known after apply)
      + zookeeper_connect_string                      = (known after apply)
      + zookeeper_connect_string_tls                  = (known after apply)

      + broker_node_group_info {
          + az_distribution = "DEFAULT"
          + client_subnets  = (known after apply)
          + instance_type   = "kafka.t3.small"
          + security_groups = (known after apply)

          + connectivity_info (known after apply)

          + storage_info {
              + ebs_storage_info {
                  + volume_size = 50
                }
            }
        }
    }

  # aws_route_table.public_rt will be created
  + resource "aws_route_table" "public_rt" {
      + arn              = (known after apply)
      + id               = (known after apply)
      + owner_id         = (known after apply)
      + propagating_vgws = (known after apply)
      + region           = "us-east-1"
      + route            = [
          + {
              + cidr_block                 = "0.0.0.0/0"
              + gateway_id                 = (known after apply)
                # (11 unchanged attributes hidden)
            },
        ]
      + tags             = {
          + "Name" = "Public-Route-Table"
        }
      + tags_all         = {
          + "Name" = "Public-Route-Table"
        }
      + vpc_id           = (known after apply)
    }

  # aws_route_table_association.public_1a will be created
  + resource "aws_route_table_association" "public_1a" {
      + id             = (known after apply)
      + region         = "us-east-1"
      + route_table_id = (known after apply)
      + subnet_id      = (known after apply)
    }

  # aws_route_table_association.public_1b will be created
  + resource "aws_route_table_association" "public_1b" {
      + id             = (known after apply)
      + region         = "us-east-1"
      + route_table_id = (known after apply)
      + subnet_id      = (known after apply)
    }

  # aws_security_group.ec2_sg will be created
  + resource "aws_security_group" "ec2_sg" {
      + arn                    = (known after apply)
      + description            = "ec2 ssh"
      + egress                 = [
          + {
              + cidr_blocks      = [
                  + "0.0.0.0/0",
                ]
              + from_port        = 0
              + ipv6_cidr_blocks = []
              + prefix_list_ids  = []
              + protocol         = "-1"
              + security_groups  = []
              + self             = false
              + to_port          = 0
                # (1 unchanged attribute hidden)
            },
        ]
      + id                     = (known after apply)
      + ingress                = [
          + {
              + cidr_blocks      = [
                  + "0.0.0.0/0",
                ]
              + from_port        = 22
              + ipv6_cidr_blocks = []
              + prefix_list_ids  = []
              + protocol         = "tcp"
              + security_groups  = []
              + self             = false
              + to_port          = 22
                # (1 unchanged attribute hidden)
            },
        ]
      + name                   = "ec2-sg"
      + name_prefix            = (known after apply)
      + owner_id               = (known after apply)
      + region                 = "us-east-1"
      + revoke_rules_on_delete = false
      + tags_all               = (known after apply)
      + vpc_id                 = (known after apply)
    }

  # aws_security_group.msk_sg will be created
  + resource "aws_security_group" "msk_sg" {
      + arn                    = (known after apply)
      + description            = "MSK Security Group"
      + egress                 = [
          + {
              + cidr_blocks      = [
                  + "0.0.0.0/0",
                ]
              + from_port        = 0
              + ipv6_cidr_blocks = []
              + prefix_list_ids  = []
              + protocol         = "-1"
              + security_groups  = []
              + self             = false
              + to_port          = 0
                # (1 unchanged attribute hidden)
            },
        ]
      + id                     = (known after apply)
      + ingress                = [
          + {
              + cidr_blocks      = [
                  + "0.0.0.0/0",
                ]
              + from_port        = 9092
              + ipv6_cidr_blocks = []
              + prefix_list_ids  = []
              + protocol         = "tcp"
              + security_groups  = []
              + self             = false
              + to_port          = 9094
                # (1 unchanged attribute hidden)
            },
        ]
      + name                   = "msk-sg"
      + name_prefix            = (known after apply)
      + owner_id               = (known after apply)
      + region                 = "us-east-1"
      + revoke_rules_on_delete = false
      + tags_all               = (known after apply)
      + vpc_id                 = (known after apply)
    }

  # aws_subnet.subnet1 will be created
  + resource "aws_subnet" "subnet1" {
      + arn                                            = (known after apply)
      + assign_ipv6_address_on_creation                = false
      + availability_zone                              = "us-east-1a"
      + availability_zone_id                           = (known after apply)
      + cidr_block                                     = "10.0.0.0/28"
      + enable_dns64                                   = false
      + enable_resource_name_dns_a_record_on_launch    = false
      + enable_resource_name_dns_aaaa_record_on_launch = false
      + id                                             = (known after apply)
      + ipv6_cidr_block_association_id                 = (known after apply)
      + ipv6_native                                    = false
      + map_public_ip_on_launch                        = false
      + owner_id                                       = (known after apply)
      + private_dns_hostname_type_on_launch            = (known after apply)
      + region                                         = "us-east-1"
      + tags_all                                       = (known after apply)
      + vpc_id                                         = (known after apply)
    }

  # aws_subnet.subnet2 will be created
  + resource "aws_subnet" "subnet2" {
      + arn                                            = (known after apply)
      + assign_ipv6_address_on_creation                = false
      + availability_zone                              = "us-east-1b"
      + availability_zone_id                           = (known after apply)
      + cidr_block                                     = "10.0.0.16/28"
      + enable_dns64                                   = false
      + enable_resource_name_dns_a_record_on_launch    = false
      + enable_resource_name_dns_aaaa_record_on_launch = false
      + id                                             = (known after apply)
      + ipv6_cidr_block_association_id                 = (known after apply)
      + ipv6_native                                    = false
      + map_public_ip_on_launch                        = false
      + owner_id                                       = (known after apply)
      + private_dns_hostname_type_on_launch            = (known after apply)
      + region                                         = "us-east-1"
      + tags_all                                       = (known after apply)
      + vpc_id                                         = (known after apply)
    }

  # aws_vpc.max will be created
  + resource "aws_vpc" "max" {
      + arn                                  = (known after apply)
      + cidr_block                           = "10.0.0.0/16"
      + default_network_acl_id               = (known after apply)
      + default_route_table_id               = (known after apply)
      + default_security_group_id            = (known after apply)
      + dhcp_options_id                      = (known after apply)
      + enable_dns_hostnames                 = true
      + enable_dns_support                   = true
      + enable_network_address_usage_metrics = (known after apply)
      + id                                   = (known after apply)
      + instance_tenancy                     = "default"
      + ipv6_association_id                  = (known after apply)
      + ipv6_cidr_block                      = (known after apply)
      + ipv6_cidr_block_network_border_group = (known after apply)
      + main_route_table_id                  = (known after apply)
      + owner_id                             = (known after apply)
      + region                               = "us-east-1"
      + tags                                 = {
          + "Name" = "vpc-maltamiranda"
        }
      + tags_all                             = {
          + "Name" = "vpc-maltamiranda"
        }
    }

Plan: 15 to add, 0 to change, 0 to destroy.

Changes to Outputs:
  + ec2_ssh_access            = (known after apply)
  + msk_bootstrap_brokers_tls = (known after apply)

Do you want to perform these actions?
  Terraform will perform the actions described above.
  Only 'yes' will be accepted to approve.

  Enter a value: yes

aws_iam_policy.msk_policy: Creating...
aws_iam_role.ec2_role: Creating...
aws_vpc.max: Creating...
aws_iam_policy.msk_policy: Creation complete after 2s [id=arn:aws:iam::251964342273:policy/msk-access-policy]
aws_iam_role.ec2_role: Creation complete after 2s [id=ec2-msk-role]
aws_iam_role_policy_attachment.attach_policy: Creating...
aws_iam_instance_profile.ec2_instance_profile: Creating...
aws_iam_role_policy_attachment.attach_policy: Creation complete after 0s [id=ec2-msk-role/arn:aws:iam::251964342273:policy/msk-access-policy]
aws_iam_instance_profile.ec2_instance_profile: Creation complete after 7s [id=ec2-msk-profile]
aws_vpc.max: Still creating... [00m10s elapsed]
aws_vpc.max: Creation complete after 15s [id=vpc-0af1392eb90db5461]
aws_internet_gateway.igw: Creating...
aws_subnet.subnet1: Creating...
aws_subnet.subnet2: Creating...
aws_security_group.msk_sg: Creating...
aws_security_group.ec2_sg: Creating...
aws_internet_gateway.igw: Creation complete after 2s [id=igw-0c53cf0673bf2d356]
aws_route_table.public_rt: Creating...
aws_subnet.subnet2: Creation complete after 2s [id=subnet-0031158b04510140b]
aws_subnet.subnet1: Creation complete after 2s [id=subnet-08ca6ae74fe9ed600]
aws_route_table.public_rt: Creation complete after 2s [id=rtb-0ddbba6b06b24c2bf]
aws_route_table_association.public_1b: Creating...
aws_route_table_association.public_1a: Creating...
aws_route_table_association.public_1b: Creation complete after 1s [id=rtbassoc-0ebafa09d7365f6a1]
aws_route_table_association.public_1a: Creation complete after 2s [id=rtbassoc-085192f6641423fd3]
aws_security_group.ec2_sg: Creation complete after 6s [id=sg-04c2c62ee6e457543]
aws_instance.ec2: Creating...
aws_security_group.msk_sg: Creation complete after 8s [id=sg-017110096379ddfe4]
aws_msk_cluster.msk: Creating...
aws_instance.ec2: Still creating... [00m10s elapsed]
aws_msk_cluster.msk: Still creating... [00m10s elapsed]
aws_instance.ec2: Still creating... [00m20s elapsed]
aws_msk_cluster.msk: Still creating... [00m20s elapsed]
aws_instance.ec2: Still creating... [00m30s elapsed]
aws_msk_cluster.msk: Still creating... [00m30s elapsed]
aws_instance.ec2: Still creating... [00m40s elapsed]
aws_msk_cluster.msk: Still creating... [00m40s elapsed]
aws_instance.ec2: Still creating... [00m50s elapsed]
aws_msk_cluster.msk: Still creating... [00m50s elapsed]
aws_instance.ec2: Still creating... [01m00s elapsed]
aws_msk_cluster.msk: Still creating... [01m00s elapsed]
aws_instance.ec2: Still creating... [01m10s elapsed]
aws_msk_cluster.msk: Still creating... [01m10s elapsed]
aws_instance.ec2: Creation complete after 1m17s [id=i-0a462b3feffc1679a]
aws_msk_cluster.msk: Still creating... [01m20s elapsed]
aws_msk_cluster.msk: Still creating... [01m30s elapsed]
aws_msk_cluster.msk: Still creating... [01m40s elapsed]
aws_msk_cluster.msk: Still creating... [01m50s elapsed]
aws_msk_cluster.msk: Still creating... [02m00s elapsed]
aws_msk_cluster.msk: Still creating... [02m10s elapsed]
aws_msk_cluster.msk: Still creating... [02m20s elapsed]
aws_msk_cluster.msk: Still creating... [02m30s elapsed]
aws_msk_cluster.msk: Still creating... [02m40s elapsed]
aws_msk_cluster.msk: Still creating... [02m50s elapsed]
aws_msk_cluster.msk: Still creating... [03m00s elapsed]
aws_msk_cluster.msk: Still creating... [03m10s elapsed]
aws_msk_cluster.msk: Still creating... [03m20s elapsed]
aws_msk_cluster.msk: Still creating... [03m30s elapsed]
aws_msk_cluster.msk: Still creating... [03m40s elapsed]
aws_msk_cluster.msk: Still creating... [03m50s elapsed]
aws_msk_cluster.msk: Still creating... [04m00s elapsed]
aws_msk_cluster.msk: Still creating... [04m10s elapsed]
aws_msk_cluster.msk: Still creating... [04m20s elapsed]
aws_msk_cluster.msk: Still creating... [04m30s elapsed]
aws_msk_cluster.msk: Still creating... [04m40s elapsed]
aws_msk_cluster.msk: Still creating... [04m50s elapsed]
aws_msk_cluster.msk: Still creating... [05m00s elapsed]
aws_msk_cluster.msk: Still creating... [05m10s elapsed]
aws_msk_cluster.msk: Still creating... [05m20s elapsed]
aws_msk_cluster.msk: Still creating... [05m30s elapsed]
aws_msk_cluster.msk: Still creating... [05m40s elapsed]
aws_msk_cluster.msk: Still creating... [05m50s elapsed]
aws_msk_cluster.msk: Still creating... [06m00s elapsed]
aws_msk_cluster.msk: Still creating... [06m10s elapsed]
aws_msk_cluster.msk: Still creating... [06m20s elapsed]
aws_msk_cluster.msk: Still creating... [06m30s elapsed]
aws_msk_cluster.msk: Still creating... [06m10s elapsed]
aws_msk_cluster.msk: Still creating... [06m20s elapsed]
aws_msk_cluster.msk: Still creating... [06m30s elapsed]
aws_msk_cluster.msk: Still creating... [06m20s elapsed]
aws_msk_cluster.msk: Still creating... [06m30s elapsed]
aws_msk_cluster.msk: Still creating... [06m40s elapsed]
aws_msk_cluster.msk: Still creating... [06m50s elapsed]
aws_msk_cluster.msk: Still creating... [07m00s elapsed]
aws_msk_cluster.msk: Still creating... [07m10s elapsed]
aws_msk_cluster.msk: Still creating... [07m20s elapsed]
aws_msk_cluster.msk: Still creating... [07m30s elapsed]
aws_msk_cluster.msk: Still creating... [07m30s elapsed]
aws_msk_cluster.msk: Still creating... [07m40s elapsed]
aws_msk_cluster.msk: Still creating... [07m50s elapsed]
aws_msk_cluster.msk: Still creating... [07m50s elapsed]
aws_msk_cluster.msk: Still creating... [08m00s elapsed]
aws_msk_cluster.msk: Still creating... [08m10s elapsed]
aws_msk_cluster.msk: Still creating... [08m20s elapsed]
aws_msk_cluster.msk: Still creating... [08m30s elapsed]
aws_msk_cluster.msk: Still creating... [08m40s elapsed]
aws_msk_cluster.msk: Still creating... [08m50s elapsed]
aws_msk_cluster.msk: Still creating... [09m00s elapsed]
aws_msk_cluster.msk: Still creating... [09m10s elapsed]
aws_msk_cluster.msk: Still creating... [09m10s elapsed]
aws_msk_cluster.msk: Still creating... [09m20s elapsed]
aws_msk_cluster.msk: Still creating... [09m30s elapsed]
aws_msk_cluster.msk: Still creating... [09m40s elapsed]
aws_msk_cluster.msk: Still creating... [09m50s elapsed]
aws_msk_cluster.msk: Still creating... [10m00s elapsed]
aws_msk_cluster.msk: Still creating... [10m10s elapsed]
aws_msk_cluster.msk: Still creating... [10m20s elapsed]
aws_msk_cluster.msk: Still creating... [10m30s elapsed]
aws_msk_cluster.msk: Still creating... [10m40s elapsed]
aws_msk_cluster.msk: Still creating... [10m50s elapsed]
aws_msk_cluster.msk: Still creating... [11m00s elapsed]
aws_msk_cluster.msk: Still creating... [11m10s elapsed]
aws_msk_cluster.msk: Still creating... [10m50s elapsed]
aws_msk_cluster.msk: Still creating... [11m00s elapsed]
aws_msk_cluster.msk: Still creating... [10m50s elapsed]
aws_msk_cluster.msk: Still creating... [10m50s elapsed]
aws_msk_cluster.msk: Still creating... [11m00s elapsed]
aws_msk_cluster.msk: Still creating... [11m10s elapsed]
aws_msk_cluster.msk: Still creating... [11m20s elapsed]
aws_msk_cluster.msk: Still creating... [11m10s elapsed]
aws_msk_cluster.msk: Still creating... [11m20s elapsed]
aws_msk_cluster.msk: Still creating... [11m20s elapsed]
aws_msk_cluster.msk: Still creating... [11m30s elapsed]
aws_msk_cluster.msk: Still creating... [11m40s elapsed]
aws_msk_cluster.msk: Still creating... [11m50s elapsed]
aws_msk_cluster.msk: Still creating... [12m00s elapsed]
aws_msk_cluster.msk: Still creating... [12m10s elapsed]
aws_msk_cluster.msk: Still creating... [12m20s elapsed]
aws_msk_cluster.msk: Still creating... [12m30s elapsed]
aws_msk_cluster.msk: Still creating... [12m40s elapsed]
aws_msk_cluster.msk: Still creating... [12m50s elapsed]
aws_msk_cluster.msk: Still creating... [13m00s elapsed]
aws_msk_cluster.msk: Still creating... [13m10s elapsed]
aws_msk_cluster.msk: Still creating... [13m20s elapsed]
aws_msk_cluster.msk: Still creating... [13m30s elapsed]
aws_msk_cluster.msk: Still creating... [13m40s elapsed]
aws_msk_cluster.msk: Still creating... [13m50s elapsed]
aws_msk_cluster.msk: Still creating... [14m00s elapsed]
aws_msk_cluster.msk: Still creating... [14m10s elapsed]
aws_msk_cluster.msk: Still creating... [14m20s elapsed]
aws_msk_cluster.msk: Still creating... [14m30s elapsed]
aws_msk_cluster.msk: Still creating... [14m40s elapsed]
aws_msk_cluster.msk: Still creating... [14m50s elapsed]
aws_msk_cluster.msk: Still creating... [15m00s elapsed]
aws_msk_cluster.msk: Still creating... [15m10s elapsed]
aws_msk_cluster.msk: Still creating... [15m20s elapsed]
aws_msk_cluster.msk: Still creating... [15m30s elapsed]
aws_msk_cluster.msk: Still creating... [15m40s elapsed]
aws_msk_cluster.msk: Still creating... [15m50s elapsed]
aws_msk_cluster.msk: Still creating... [16m00s elapsed]
aws_msk_cluster.msk: Still creating... [16m10s elapsed]
aws_msk_cluster.msk: Still creating... [16m20s elapsed]
aws_msk_cluster.msk: Still creating... [16m30s elapsed]
aws_msk_cluster.msk: Still creating... [16m40s elapsed]
aws_msk_cluster.msk: Still creating... [16m50s elapsed]
aws_msk_cluster.msk: Still creating... [17m00s elapsed]
aws_msk_cluster.msk: Still creating... [17m10s elapsed]
aws_msk_cluster.msk: Still creating... [17m20s elapsed]
aws_msk_cluster.msk: Still creating... [17m30s elapsed]
aws_msk_cluster.msk: Still creating... [17m40s elapsed]
aws_msk_cluster.msk: Still creating... [17m50s elapsed]
aws_msk_cluster.msk: Still creating... [18m00s elapsed]
aws_msk_cluster.msk: Still creating... [18m10s elapsed]
aws_msk_cluster.msk: Still creating... [18m20s elapsed]
aws_msk_cluster.msk: Still creating... [18m30s elapsed]
aws_msk_cluster.msk: Still creating... [18m40s elapsed]
aws_msk_cluster.msk: Still creating... [18m50s elapsed]
aws_msk_cluster.msk: Still creating... [19m00s elapsed]
aws_msk_cluster.msk: Still creating... [19m10s elapsed]
aws_msk_cluster.msk: Still creating... [19m20s elapsed]
aws_msk_cluster.msk: Creation complete after 19m24s [id=arn:aws:kafka:us-east-1:251964342273:cluster/maltamiranda-msk-cluster/049be1dd-8314-4daa-aa00-cb08a4ffda78-11]
Releasing state lock. This may take a few moments...

Apply complete! Resources: 15 added, 0 changed, 0 destroyed.

Outputs:

ec2_ssh_access = "ssh -i ./Max.pem ec2-user@54.80.131.223"
msk_bootstrap_brokers_tls = "b-1.maltamirandamskcluste.flz00t.c11.kafka.us-east-1.amazonaws.com:9094,b-2.maltamirandamskcluste.flz00t.c11.kafka.us-east-1.amazonaws.com:9094"
PS C:\Users\maltamiranda\Documents\WORKSPACE\UTN\curso terra 2\practicas\actividades\c7-e2> 